
Microsoft Visual Studio Solution File, Format Version 12.00
# Visual Studio Version 16
VisualStudioVersion = 16.0.30420.98
MinimumVisualStudioVersion = 10.0.40219.1
Project("{2150E333-8FDC-42A3-9474-1A3956D46DE8}") = "Source", "Source", "{26B63EE2-64F5-4911-A71F-7530917E5446}"
EndProject
Project("{9A19103F-16F7-4668-BE54-9A1E7A4F7556}") = "EventHorizon.Blazor.UX.Wasm", "Source\EventHorizon.Blazor.UX.Wasm\EventHorizon.Blazor.UX.Wasm.csproj", "{D58F4F93-BA57-42E2-990D-D5F650951B7B}"
EndProject
Project("{9A19103F-16F7-4668-BE54-9A1E7A4F7556}") = "EventHorizon.Blazor.UX", "Source\EventHorizon.Blazor.UX\EventHorizon.Blazor.UX.csproj", "{4F956A02-2EF3-4DA3-8C1D-5A2BA093F66D}"
EndProject
Project("{2150E333-8FDC-42A3-9474-1A3956D46DE8}") = "Solution Items", "Solution Items", "{FA463E7F-425D-4C40-830E-6761BD09A4F5}"
	ProjectSection(SolutionItems) = preProject
		.github\workflows\azure-static-web-apps-lively-mud-0597d4e10.yml = .github\workflows\azure-static-web-apps-lively-mud-0597d4e10.yml
		GitVersion.yml = GitVersion.yml
		.github\workflows\main-publish.yml = .github\workflows\main-publish.yml
		README.md = README.md
	EndProjectSection
EndProject
Project("{9A19103F-16F7-4668-BE54-9A1E7A4F7556}") = "EventHorizon.Blazor.UX.Server", "Source\EventHorizon.Blazor.UX.Server\EventHorizon.Blazor.UX.Server.csproj", "{0CBF82B7-1B93-4292-B7DD-64E2E0B89CCC}"
EndProject
Project("{9A19103F-16F7-4668-BE54-9A1E7A4F7556}") = "EventHorizon.Blazor.UX.Shared", "Source\EventHorizon.Blazor.UX.Shared\EventHorizon.Blazor.UX.Shared.csproj", "{F3DE6309-BBD7-4DAA-9C7E-F6B43154FCDF}"
EndProject
Project("{9A19103F-16F7-4668-BE54-9A1E7A4F7556}") = "EventHorizon.Blazor.Mockup", "Source\EventHorizon.Blazor.Mockup\EventHorizon.Blazor.Mockup.csproj", "{5C43AD5D-FF48-41E4-A457-E1EE2EF15C5A}"
EndProject
Global
	GlobalSection(SolutionConfigurationPlatforms) = preSolution
		Debug|Any CPU = Debug|Any CPU
		Debug|x64 = Debug|x64
		Debug|x86 = Debug|x86
		Release|Any CPU = Release|Any CPU
		Release|x64 = Release|x64
		Release|x86 = Release|x86
	EndGlobalSection
	GlobalSection(ProjectConfigurationPlatforms) = postSolution
		{D58F4F93-BA57-42E2-990D-D5F650951B7B}.Debug|Any CPU.ActiveCfg = Debug|Any CPU
		{D58F4F93-BA57-42E2-990D-D5F650951B7B}.Debug|Any CPU.Build.0 = Debug|Any CPU
		{D58F4F93-BA57-42E2-990D-D5F650951B7B}.Debug|x64.ActiveCfg = Debug|Any CPU
		{D58F4F93-BA57-42E2-990D-D5F650951B7B}.Debug|x64.Build.0 = Debug|Any CPU
		{D58F4F93-BA57-42E2-990D-D5F650951B7B}.Debug|x86.ActiveCfg = Debug|Any CPU
		{D58F4F93-BA57-42E2-990D-D5F650951B7B}.Debug|x86.Build.0 = Debug|Any CPU
		{D58F4F93-BA57-42E2-990D-D5F650951B7B}.Release|Any CPU.ActiveCfg = Release|Any CPU
		{D58F4F93-BA57-42E2-990D-D5F650951B7B}.Release|Any CPU.Build.0 = Release|Any CPU
		{D58F4F93-BA57-42E2-990D-D5F650951B7B}.Release|x64.ActiveCfg = Release|Any CPU
		{D58F4F93-BA57-42E2-990D-D5F650951B7B}.Release|x64.Build.0 = Release|Any CPU
		{D58F4F93-BA57-42E2-990D-D5F650951B7B}.Release|x86.ActiveCfg = Release|Any CPU
		{D58F4F93-BA57-42E2-990D-D5F650951B7B}.Release|x86.Build.0 = Release|Any CPU
		{4F956A02-2EF3-4DA3-8C1D-5A2BA093F66D}.Debug|Any CPU.ActiveCfg = Debug|Any CPU
		{4F956A02-2EF3-4DA3-8C1D-5A2BA093F66D}.Debug|Any CPU.Build.0 = Debug|Any CPU
		{4F956A02-2EF3-4DA3-8C1D-5A2BA093F66D}.Debug|x64.ActiveCfg = Debug|Any CPU
		{4F956A02-2EF3-4DA3-8C1D-5A2BA093F66D}.Debug|x64.Build.0 = Debug|Any CPU
		{4F956A02-2EF3-4DA3-8C1D-5A2BA093F66D}.Debug|x86.ActiveCfg = Debug|Any CPU
		{4F956A02-2EF3-4DA3-8C1D-5A2BA093F66D}.Debug|x86.Build.0 = Debug|Any CPU
		{4F956A02-2EF3-4DA3-8C1D-5A2BA093F66D}.Release|Any CPU.ActiveCfg = Release|Any CPU
		{4F956A02-2EF3-4DA3-8C1D-5A2BA093F66D}.Release|Any CPU.Build.0 = Release|Any CPU
		{4F956A02-2EF3-4DA3-8C1D-5A2BA093F66D}.Release|x64.ActiveCfg = Release|Any CPU
		{4F956A02-2EF3-4DA3-8C1D-5A2BA093F66D}.Release|x64.Build.0 = Release|Any CPU
		{4F956A02-2EF3-4DA3-8C1D-5A2BA093F66D}.Release|x86.ActiveCfg = Release|Any CPU
		{4F956A02-2EF3-4DA3-8C1D-5A2BA093F66D}.Release|x86.Build.0 = Release|Any CPU
		{0CBF82B7-1B93-4292-B7DD-64E2E0B89CCC}.Debug|Any CPU.ActiveCfg = Debug|Any CPU
		{0CBF82B7-1B93-4292-B7DD-64E2E0B89CCC}.Debug|Any CPU.Build.0 = Debug|Any CPU
		{0CBF82B7-1B93-4292-B7DD-64E2E0B89CCC}.Debug|x64.ActiveCfg = Debug|Any CPU
		{0CBF82B7-1B93-4292-B7DD-64E2E0B89CCC}.Debug|x64.Build.0 = Debug|Any CPU
		{0CBF82B7-1B93-4292-B7DD-64E2E0B89CCC}.Debug|x86.ActiveCfg = Debug|Any CPU
		{0CBF82B7-1B93-4292-B7DD-64E2E0B89CCC}.Debug|x86.Build.0 = Debug|Any CPU
		{0CBF82B7-1B93-4292-B7DD-64E2E0B89CCC}.Release|Any CPU.ActiveCfg = Release|Any CPU
		{0CBF82B7-1B93-4292-B7DD-64E2E0B89CCC}.Release|Any CPU.Build.0 = Release|Any CPU
		{0CBF82B7-1B93-4292-B7DD-64E2E0B89CCC}.Release|x64.ActiveCfg = Release|Any CPU
		{0CBF82B7-1B93-4292-B7DD-64E2E0B89CCC}.Release|x64.Build.0 = Release|Any CPU
		{0CBF82B7-1B93-4292-B7DD-64E2E0B89CCC}.Release|x86.ActiveCfg = Release|Any CPU
		{0CBF82B7-1B93-4292-B7DD-64E2E0B89CCC}.Release|x86.Build.0 = Release|Any CPU
		{F3DE6309-BBD7-4DAA-9C7E-F6B43154FCDF}.Debug|Any CPU.ActiveCfg = Debug|Any CPU
		{F3DE6309-BBD7-4DAA-9C7E-F6B43154FCDF}.Debug|Any CPU.Build.0 = Debug|Any CPU
		{F3DE6309-BBD7-4DAA-9C7E-F6B43154FCDF}.Debug|x64.ActiveCfg = Debug|Any CPU
		{F3DE6309-BBD7-4DAA-9C7E-F6B43154FCDF}.Debug|x64.Build.0 = Debug|Any CPU
		{F3DE6309-BBD7-4DAA-9C7E-F6B43154FCDF}.Debug|x86.ActiveCfg = Debug|Any CPU
		{F3DE6309-BBD7-4DAA-9C7E-F6B43154FCDF}.Debug|x86.Build.0 = Debug|Any CPU
		{F3DE6309-BBD7-4DAA-9C7E-F6B43154FCDF}.Release|Any CPU.ActiveCfg = Release|Any CPU
		{F3DE6309-BBD7-4DAA-9C7E-F6B43154FCDF}.Release|Any CPU.Build.0 = Release|Any CPU
		{F3DE6309-BBD7-4DAA-9C7E-F6B43154FCDF}.Release|x64.ActiveCfg = Release|Any CPU
		{F3DE6309-BBD7-4DAA-9C7E-F6B43154FCDF}.Release|x64.Build.0 = Release|Any CPU
		{F3DE6309-BBD7-4DAA-9C7E-F6B43154FCDF}.Release|x86.ActiveCfg = Release|Any CPU
		{F3DE6309-BBD7-4DAA-9C7E-F6B43154FCDF}.Release|x86.Build.0 = Release|Any CPU
		{5C43AD5D-FF48-41E4-A457-E1EE2EF15C5A}.Debug|Any CPU.ActiveCfg = Debug|Any CPU
		{5C43AD5D-FF48-41E4-A457-E1EE2EF15C5A}.Debug|Any CPU.Build.0 = Debug|Any CPU
		{5C43AD5D-FF48-41E4-A457-E1EE2EF15C5A}.Debug|x64.ActiveCfg = Debug|Any CPU
		{5C43AD5D-FF48-41E4-A457-E1EE2EF15C5A}.Debug|x64.Build.0 = Debug|Any CPU
		{5C43AD5D-FF48-41E4-A457-E1EE2EF15C5A}.Debug|x86.ActiveCfg = Debug|Any CPU
		{5C43AD5D-FF48-41E4-A457-E1EE2EF15C5A}.Debug|x86.Build.0 = Debug|Any CPU
		{5C43AD5D-FF48-41E4-A457-E1EE2EF15C5A}.Release|Any CPU.ActiveCfg = Release|Any CPU
		{5C43AD5D-FF48-41E4-A457-E1EE2EF15C5A}.Release|Any CPU.Build.0 = Release|Any CPU
		{5C43AD5D-FF48-41E4-A457-E1EE2EF15C5A}.Release|x64.ActiveCfg = Release|Any CPU
		{5C43AD5D-FF48-41E4-A457-E1EE2EF15C5A}.Release|x64.Build.0 = Release|Any CPU
		{5C43AD5D-FF48-41E4-A457-E1EE2EF15C5A}.Release|x86.ActiveCfg = Release|Any CPU
		{5C43AD5D-FF48-41E4-A457-E1EE2EF15C5A}.Release|x86.Build.0 = Release|Any CPU
	EndGlobalSection
	GlobalSection(SolutionProperties) = preSolution
		HideSolutionNode = FALSE
	EndGlobalSection
	GlobalSection(NestedProjects) = preSolution
		{D58F4F93-BA57-42E2-990D-D5F650951B7B} = {26B63EE2-64F5-4911-A71F-7530917E5446}
		{4F956A02-2EF3-4DA3-8C1D-5A2BA093F66D} = {26B63EE2-64F5-4911-A71F-7530917E5446}
		{0CBF82B7-1B93-4292-B7DD-64E2E0B89CCC} = {26B63EE2-64F5-4911-A71F-7530917E5446}
		{F3DE6309-BBD7-4DAA-9C7E-F6B43154FCDF} = {26B63EE2-64F5-4911-A71F-7530917E5446}
		{5C43AD5D-FF48-41E4-A457-E1EE2EF15C5A} = {26B63EE2-64F5-4911-A71F-7530917E5446}
	EndGlobalSection
	GlobalSection(ExtensibilityGlobals) = postSolution
		SolutionGuid = {436C653B-6238-4991-9D91-21E558DE8A64}
	EndGlobalSection
EndGlobal
